{
  "version": 4,
  "terraform_version": "1.9.5",
  "serial": 244,
  "lineage": "d30d4883-6021-4cb6-30e7-462dfc43ffa6",
  "outputs": {},
  "resources": [
    {
      "mode": "data",
      "type": "aws_ami",
      "name": "amazon_linux_2",
      "provider": "provider[\"registry.terraform.io/hashicorp/aws\"]",
      "instances": [
        {
          "schema_version": 0,
          "attributes": {
            "architecture": "x86_64",
            "arn": "arn:aws:ec2:us-east-2::image/ami-04b090c8b701a4844",
            "block_device_mappings": [
              {
                "device_name": "/dev/xvda",
                "ebs": {
                  "delete_on_termination": "true",
                  "encrypted": "false",
                  "iops": "0",
                  "snapshot_id": "snap-08321aee1a9ed4d60",
                  "throughput": "0",
                  "volume_size": "8",
                  "volume_type": "gp2"
                },
                "no_device": "",
                "virtual_name": ""
              }
            ],
            "boot_mode": "",
            "creation_date": "2024-09-04T00:09:38.000Z",
            "deprecation_time": "2025-07-01T00:00:00.000Z",
            "description": "Amazon Linux 2 AMI 2.0.20240903.0 x86_64 HVM gp2",
            "ena_support": true,
            "executable_users": null,
            "filter": [
              {
                "name": "name",
                "values": [
                  "amzn2-ami-hvm*"
                ]
              },
              {
                "name": "owner-alias",
                "values": [
                  "amazon"
                ]
              }
            ],
            "hypervisor": "xen",
            "id": "ami-04b090c8b701a4844",
            "image_id": "ami-04b090c8b701a4844",
            "image_location": "amazon/amzn2-ami-hvm-2.0.20240903.0-x86_64-gp2",
            "image_owner_alias": "amazon",
            "image_type": "machine",
            "imds_support": "",
            "include_deprecated": false,
            "kernel_id": "",
            "most_recent": true,
            "name": "amzn2-ami-hvm-2.0.20240903.0-x86_64-gp2",
            "name_regex": null,
            "owner_id": "137112412989",
            "owners": [
              "amazon"
            ],
            "platform": "",
            "platform_details": "Linux/UNIX",
            "product_codes": [],
            "public": true,
            "ramdisk_id": "",
            "root_device_name": "/dev/xvda",
            "root_device_type": "ebs",
            "root_snapshot_id": "snap-08321aee1a9ed4d60",
            "sriov_net_support": "simple",
            "state": "available",
            "state_reason": {
              "code": "UNSET",
              "message": "UNSET"
            },
            "tags": {},
            "timeouts": null,
            "tpm_support": "",
            "usage_operation": "RunInstances",
            "virtualization_type": "hvm"
          },
          "sensitive_attributes": []
        }
      ]
    },
    {
      "mode": "data",
      "type": "aws_availability_zones",
      "name": "available_zones",
      "provider": "provider[\"registry.terraform.io/hashicorp/aws\"]",
      "instances": [
        {
          "schema_version": 0,
          "attributes": {
            "all_availability_zones": null,
            "exclude_names": null,
            "exclude_zone_ids": null,
            "filter": null,
            "group_names": [
              "us-east-2"
            ],
            "id": "us-east-2",
            "names": [
              "us-east-2a",
              "us-east-2b",
              "us-east-2c"
            ],
            "state": null,
            "timeouts": null,
            "zone_ids": [
              "use2-az1",
              "use2-az2",
              "use2-az3"
            ]
          },
          "sensitive_attributes": []
        }
      ]
    },
    {
      "mode": "data",
      "type": "template_file",
      "name": "inventory",
      "provider": "provider[\"registry.terraform.io/hashicorp/template\"]",
      "instances": [
        {
          "schema_version": 0,
          "attributes": {
            "filename": null,
            "id": "579ccc39e9b8dc3679549aca4a8dfd718703757d54249a5702f0409c2e632a0a",
            "rendered": "[ec2_instances]\r\n3.135.184.74 ansible_user=ec2-user ansible_private_key_file=/home/ascci/Github/Backend-Proyecto-Cartagena/terraform/ascci52\r\n",
            "template": "[ec2_instances]\r\n3.135.184.74 ansible_user=ec2-user ansible_private_key_file=/home/ascci/Github/Backend-Proyecto-Cartagena/terraform/ascci52\r\n",
            "vars": null
          },
          "sensitive_attributes": []
        }
      ]
    },
    {
      "mode": "managed",
      "type": "aws_default_subnet",
      "name": "default_az1",
      "provider": "provider[\"registry.terraform.io/hashicorp/aws\"]",
      "instances": [
        {
          "schema_version": 1,
          "attributes": {
            "arn": "arn:aws:ec2:us-east-2:343218193051:subnet/subnet-05d7f0b60646d2939",
            "assign_ipv6_address_on_creation": false,
            "availability_zone": "us-east-2a",
            "availability_zone_id": "use2-az1",
            "cidr_block": "172.31.0.0/20",
            "customer_owned_ipv4_pool": "",
            "enable_dns64": false,
            "enable_lni_at_device_index": 0,
            "enable_resource_name_dns_a_record_on_launch": false,
            "enable_resource_name_dns_aaaa_record_on_launch": false,
            "existing_default_subnet": true,
            "force_destroy": false,
            "id": "subnet-05d7f0b60646d2939",
            "ipv6_cidr_block": "",
            "ipv6_cidr_block_association_id": "",
            "ipv6_native": false,
            "map_customer_owned_ip_on_launch": false,
            "map_public_ip_on_launch": true,
            "outpost_arn": "",
            "owner_id": "343218193051",
            "private_dns_hostname_type_on_launch": "ip-name",
            "tags": {
              "Name": "default subnet"
            },
            "tags_all": {
              "Name": "default subnet"
            },
            "timeouts": null,
            "vpc_id": "vpc-0153745f29b28eee7"
          },
          "sensitive_attributes": [],
          "private": "eyJlMmJmYjczMC1lY2FhLTExZTYtOGY4OC0zNDM2M2JjN2M0YzAiOnsiY3JlYXRlIjo2MDAwMDAwMDAwMDAsImRlbGV0ZSI6MTIwMDAwMDAwMDAwMH0sInNjaGVtYV92ZXJzaW9uIjoiMSJ9",
          "dependencies": [
            "data.aws_availability_zones.available_zones"
          ]
        }
      ]
    },
    {
      "mode": "managed",
      "type": "aws_default_subnet",
      "name": "default_az2",
      "provider": "provider[\"registry.terraform.io/hashicorp/aws\"]",
      "instances": [
        {
          "schema_version": 1,
          "attributes": {
            "arn": "arn:aws:ec2:us-east-2:343218193051:subnet/subnet-02c2e186fd967241c",
            "assign_ipv6_address_on_creation": false,
            "availability_zone": "us-east-2b",
            "availability_zone_id": "use2-az2",
            "cidr_block": "172.31.16.0/20",
            "customer_owned_ipv4_pool": "",
            "enable_dns64": false,
            "enable_lni_at_device_index": 0,
            "enable_resource_name_dns_a_record_on_launch": false,
            "enable_resource_name_dns_aaaa_record_on_launch": false,
            "existing_default_subnet": true,
            "force_destroy": false,
            "id": "subnet-02c2e186fd967241c",
            "ipv6_cidr_block": "",
            "ipv6_cidr_block_association_id": "",
            "ipv6_native": false,
            "map_customer_owned_ip_on_launch": false,
            "map_public_ip_on_launch": true,
            "outpost_arn": "",
            "owner_id": "343218193051",
            "private_dns_hostname_type_on_launch": "ip-name",
            "tags": {
              "Name": "default subnet AZ2"
            },
            "tags_all": {
              "Name": "default subnet AZ2"
            },
            "timeouts": null,
            "vpc_id": "vpc-0153745f29b28eee7"
          },
          "sensitive_attributes": [],
          "private": "eyJlMmJmYjczMC1lY2FhLTExZTYtOGY4OC0zNDM2M2JjN2M0YzAiOnsiY3JlYXRlIjo2MDAwMDAwMDAwMDAsImRlbGV0ZSI6MTIwMDAwMDAwMDAwMH0sInNjaGVtYV92ZXJzaW9uIjoiMSJ9",
          "dependencies": [
            "data.aws_availability_zones.available_zones"
          ]
        }
      ]
    },
    {
      "mode": "managed",
      "type": "aws_default_vpc",
      "name": "default_vpc",
      "provider": "provider[\"registry.terraform.io/hashicorp/aws\"]",
      "instances": [
        {
          "schema_version": 1,
          "attributes": {
            "arn": "arn:aws:ec2:us-east-2:343218193051:vpc/vpc-0153745f29b28eee7",
            "assign_generated_ipv6_cidr_block": false,
            "cidr_block": "172.31.0.0/16",
            "default_network_acl_id": "acl-08aab23959d2e0801",
            "default_route_table_id": "rtb-04b0f5e9730f41f72",
            "default_security_group_id": "sg-0450ca52a29b0049b",
            "dhcp_options_id": "dopt-06424d2d4b33fda14",
            "enable_dns_hostnames": true,
            "enable_dns_support": true,
            "enable_network_address_usage_metrics": false,
            "existing_default_vpc": true,
            "force_destroy": false,
            "id": "vpc-0153745f29b28eee7",
            "instance_tenancy": "default",
            "ipv6_association_id": "",
            "ipv6_cidr_block": "",
            "ipv6_cidr_block_network_border_group": "",
            "ipv6_ipam_pool_id": "",
            "ipv6_netmask_length": 0,
            "main_route_table_id": "rtb-04b0f5e9730f41f72",
            "owner_id": "343218193051",
            "tags": {
              "Name": "default vpc"
            },
            "tags_all": {
              "Name": "default vpc"
            }
          },
          "sensitive_attributes": [],
          "private": "eyJzY2hlbWFfdmVyc2lvbiI6IjEifQ=="
        }
      ]
    },
    {
      "mode": "managed",
      "type": "aws_instance",
      "name": "ec2_instance",
      "provider": "provider[\"registry.terraform.io/hashicorp/aws\"]",
      "instances": [
        {
          "schema_version": 1,
          "attributes": {
            "ami": "ami-09efc42336106d2f2",
            "arn": "arn:aws:ec2:us-east-2:343218193051:instance/i-041146a2648a42b72",
            "associate_public_ip_address": true,
            "availability_zone": "us-east-2a",
            "capacity_reservation_specification": [
              {
                "capacity_reservation_preference": "open",
                "capacity_reservation_target": []
              }
            ],
            "cpu_core_count": 1,
            "cpu_options": [
              {
                "amd_sev_snp": "",
                "core_count": 1,
                "threads_per_core": 1
              }
            ],
            "cpu_threads_per_core": 1,
            "credit_specification": [
              {
                "cpu_credits": "standard"
              }
            ],
            "disable_api_stop": false,
            "disable_api_termination": false,
            "ebs_block_device": [],
            "ebs_optimized": false,
            "enclave_options": [
              {
                "enabled": false
              }
            ],
            "ephemeral_block_device": [],
            "get_password_data": false,
            "hibernation": false,
            "host_id": "",
            "host_resource_group_arn": null,
            "iam_instance_profile": "",
            "id": "i-041146a2648a42b72",
            "instance_initiated_shutdown_behavior": "stop",
            "instance_lifecycle": "",
            "instance_market_options": [],
            "instance_state": "running",
            "instance_type": "t2.micro",
            "ipv6_address_count": 0,
            "ipv6_addresses": [],
            "key_name": "ascci52",
            "launch_template": [],
            "maintenance_options": [
              {
                "auto_recovery": "default"
              }
            ],
            "metadata_options": [
              {
                "http_endpoint": "enabled",
                "http_protocol_ipv6": "disabled",
                "http_put_response_hop_limit": 2,
                "http_tokens": "required",
                "instance_metadata_tags": "disabled"
              }
            ],
            "monitoring": false,
            "network_interface": [],
            "outpost_arn": "",
            "password_data": "",
            "placement_group": "",
            "placement_partition_number": 0,
            "primary_network_interface_id": "eni-0679136e49a026d5c",
            "private_dns": "ip-172-31-6-205.us-east-2.compute.internal",
            "private_dns_name_options": [
              {
                "enable_resource_name_dns_a_record": false,
                "enable_resource_name_dns_aaaa_record": false,
                "hostname_type": "ip-name"
              }
            ],
            "private_ip": "172.31.6.205",
            "public_dns": "ec2-3-135-184-74.us-east-2.compute.amazonaws.com",
            "public_ip": "3.135.184.74",
            "root_block_device": [
              {
                "delete_on_termination": true,
                "device_name": "/dev/xvda",
                "encrypted": false,
                "iops": 100,
                "kms_key_id": "",
                "tags": {},
                "tags_all": {},
                "throughput": 0,
                "volume_id": "vol-01cdf5d4fe1d47ec2",
                "volume_size": 30,
                "volume_type": "gp2"
              }
            ],
            "secondary_private_ips": [],
            "security_groups": [
              "ec2 security group"
            ],
            "source_dest_check": true,
            "spot_instance_request_id": "",
            "subnet_id": "subnet-05d7f0b60646d2939",
            "tags": {
              "Name": "Directus Docker server"
            },
            "tags_all": {
              "Name": "Directus Docker server"
            },
            "tenancy": "default",
            "timeouts": null,
            "user_data": "020a69dff0fe0d5b646ed8dec98f102db6984bb4",
            "user_data_base64": null,
            "user_data_replace_on_change": false,
            "volume_tags": null,
            "vpc_security_group_ids": [
              "sg-0b44e4640d030fa9c"
            ]
          },
          "sensitive_attributes": [],
          "private": "eyJlMmJmYjczMC1lY2FhLTExZTYtOGY4OC0zNDM2M2JjN2M0YzAiOnsiY3JlYXRlIjo2MDAwMDAwMDAwMDAsImRlbGV0ZSI6MTIwMDAwMDAwMDAwMCwicmVhZCI6OTAwMDAwMDAwMDAwLCJ1cGRhdGUiOjYwMDAwMDAwMDAwMH0sInNjaGVtYV92ZXJzaW9uIjoiMSJ9",
          "dependencies": [
            "aws_default_subnet.default_az1",
            "aws_default_vpc.default_vpc",
            "aws_key_pair.key_pair",
            "aws_security_group.ec2_security_group",
            "data.aws_availability_zones.available_zones",
            "tls_private_key.rsa_key"
          ]
        }
      ]
    },
    {
      "mode": "managed",
      "type": "aws_key_pair",
      "name": "key_pair",
      "provider": "provider[\"registry.terraform.io/hashicorp/aws\"]",
      "instances": [
        {
          "schema_version": 1,
          "attributes": {
            "arn": "arn:aws:ec2:us-east-2:343218193051:key-pair/ascci52",
            "fingerprint": "0d:46:54:61:98:3f:99:ed:9a:76:44:23:29:c4:4e:41",
            "id": "ascci52",
            "key_name": "ascci52",
            "key_name_prefix": "",
            "key_pair_id": "key-0165fc3cdcf41cdd8",
            "key_type": "rsa",
            "public_key": "ssh-rsa AAAAB3NzaC1yc2EAAAADAQABAAACAQDNMwz0WrDworz6uR25K9p5b2WFc7YIEAYT9d+xw+3IsXjOtG1B7MgfhH2jCvx6FgUwzmwZ4lBWCC+azR1xektDuVd86eGoZvE9wphHxMKB58cu8H3eq3EaaRTcZqBQr97QyGmEugIEUWoqTzrLA9LnQsqXYYwzWokvEGL2AQrO+kuwf2dloCj5XaKmaRtdTMrh81AdhEAQ4w17jrct9raxNE/Mkkwdp5c9auJWwghCKWIPqYzOEUiCR4DT94AcVu+GMDJP60mmvvUE1heete/DaHRDu/1WlJwRQXPed56qzI+hkL3lm4SaGPCzFMwHqZru02dHadIwrBGQX3nYrBuEo5+6cBSysW1zrQ03AbYn8YdQL7EHep0T7/iN4BdDIDRdSRCBYZbgRB0JrO2W0Ga//QeRqjs5RW+4cOmiyBLAovTS5ZcTrkp0tsLtNFo+rrPy7vxMsBEVDHW6S5MmN2bmK3AlN0tE6GrNFNI94QFBzBxCp+o/f14Jto/8Fp5e57olW7DTTx8HOyu9b+/MAWgDSrHDnpIKd8TbblLFQf7WuIaogZe18b2vC10z9nu7OccgW7YNwV+PHUovwRdc/5ijpH4SuipqtX/RJHIlVDaBrMKR0+Ak/0DW1g+YK9sfv1LsBkfBghiQuNYDrVBit+rtQMiTZGW0OyUjG2LdsYNBBQ==",
            "tags": {},
            "tags_all": {}
          },
          "sensitive_attributes": [],
          "private": "eyJzY2hlbWFfdmVyc2lvbiI6IjEifQ==",
          "dependencies": [
            "tls_private_key.rsa_key"
          ]
        }
      ]
    },
    {
      "mode": "managed",
      "type": "aws_security_group",
      "name": "ec2_security_group",
      "provider": "provider[\"registry.terraform.io/hashicorp/aws\"]",
      "instances": [
        {
          "schema_version": 1,
          "attributes": {
            "arn": "arn:aws:ec2:us-east-2:343218193051:security-group/sg-0b44e4640d030fa9c",
            "description": "allow access on ports 80 and 22",
            "egress": [
              {
                "cidr_blocks": [
                  "0.0.0.0/0"
                ],
                "description": "",
                "from_port": 0,
                "ipv6_cidr_blocks": [],
                "prefix_list_ids": [],
                "protocol": "-1",
                "security_groups": [],
                "self": false,
                "to_port": 0
              }
            ],
            "id": "sg-0b44e4640d030fa9c",
            "ingress": [
              {
                "cidr_blocks": [
                  "0.0.0.0/0"
                ],
                "description": "directus port",
                "from_port": 8055,
                "ipv6_cidr_blocks": [],
                "prefix_list_ids": [],
                "protocol": "tcp",
                "security_groups": [],
                "self": false,
                "to_port": 8055
              },
              {
                "cidr_blocks": [
                  "0.0.0.0/0"
                ],
                "description": "http access",
                "from_port": 80,
                "ipv6_cidr_blocks": [],
                "prefix_list_ids": [],
                "protocol": "tcp",
                "security_groups": [],
                "self": false,
                "to_port": 80
              },
              {
                "cidr_blocks": [
                  "0.0.0.0/0"
                ],
                "description": "ssh access",
                "from_port": 22,
                "ipv6_cidr_blocks": [],
                "prefix_list_ids": [],
                "protocol": "tcp",
                "security_groups": [],
                "self": false,
                "to_port": 22
              }
            ],
            "name": "ec2 security group",
            "name_prefix": "",
            "owner_id": "343218193051",
            "revoke_rules_on_delete": false,
            "tags": {
              "Name": "docker server sg"
            },
            "tags_all": {
              "Name": "docker server sg"
            },
            "timeouts": null,
            "vpc_id": "vpc-0153745f29b28eee7"
          },
          "sensitive_attributes": [],
          "private": "eyJlMmJmYjczMC1lY2FhLTExZTYtOGY4OC0zNDM2M2JjN2M0YzAiOnsiY3JlYXRlIjo2MDAwMDAwMDAwMDAsImRlbGV0ZSI6OTAwMDAwMDAwMDAwfSwic2NoZW1hX3ZlcnNpb24iOiIxIn0=",
          "dependencies": [
            "aws_default_vpc.default_vpc"
          ]
        }
      ]
    },
    {
      "mode": "managed",
      "type": "local_file",
      "name": "dynamic_inventory",
      "provider": "provider[\"registry.terraform.io/hashicorp/local\"]",
      "instances": [
        {
          "schema_version": 0,
          "attributes": {
            "content": "[ec2_instances]\r\n3.135.184.74 ansible_user=ec2-user ansible_private_key_file=/home/ascci/Github/Backend-Proyecto-Cartagena/terraform/ascci52\r\n",
            "content_base64": null,
            "content_base64sha256": "V5zMOem43DZ5VJrKSo39cYcDdX1UJJpXAvBAnC5jKgo=",
            "content_base64sha512": "OoYKxGWMQXJQiuGokbgYeoQLkWGW9laFM/8Mh88mrJ10g1URudl12rQ1X298vffOu7j+Kk+dIhPwcmd9uLQ+iw==",
            "content_md5": "7751026e59a465ebce2e12f87cf497a3",
            "content_sha1": "18e981434852b79e5351037ece010a07e06cc7f7",
            "content_sha256": "579ccc39e9b8dc3679549aca4a8dfd718703757d54249a5702f0409c2e632a0a",
            "content_sha512": "3a860ac4658c4172508ae1a891b8187a840b916196f6568533ff0c87cf26ac9d74835511b9d975dab4355f6f7cbdf7cebbb8fe2a4f9d2213f072677db8b43e8b",
            "directory_permission": "0777",
            "file_permission": "0777",
            "filename": "dynamic_inventory.ini",
            "id": "18e981434852b79e5351037ece010a07e06cc7f7",
            "sensitive_content": null,
            "source": null
          },
          "sensitive_attributes": [
            [
              {
                "type": "get_attr",
                "value": "sensitive_content"
              }
            ]
          ],
          "dependencies": [
            "aws_default_subnet.default_az1",
            "aws_default_vpc.default_vpc",
            "aws_instance.ec2_instance",
            "aws_key_pair.key_pair",
            "aws_security_group.ec2_security_group",
            "data.aws_availability_zones.available_zones",
            "data.template_file.inventory",
            "tls_private_key.rsa_key"
          ]
        }
      ]
    },
    {
      "mode": "managed",
      "type": "local_file",
      "name": "ssh_key",
      "provider": "provider[\"registry.terraform.io/hashicorp/local\"]",
      "instances": [
        {
          "schema_version": 0,
          "attributes": {
            "content": "-----BEGIN RSA PRIVATE KEY-----\nMIIJKAIBAAKCAgEAzTMM9Fqw8KK8+rkduSvaeW9lhXO2CBAGE/XfscPtyLF4zrRt\nQezIH4R9owr8ehYFMM5sGeJQVggvms0dcXpLQ7lXfOnhqGbxPcKYR8TCgefHLvB9\n3qtxGmkU3GagUK/e0MhphLoCBFFqKk86ywPS50LKl2GMM1qJLxBi9gEKzvpLsH9n\nZaAo+V2ipmkbXUzK4fNQHYRAEOMNe463Lfa2sTRPzJJMHaeXPWriVsIIQiliD6mM\nzhFIgkeA0/eAHFbvhjAyT+tJpr71BNYXnrXvw2h0Q7v9VpScEUFz3neeqsyPoZC9\n5ZuEmhjwsxTMB6ma7tNnR2nSMKwRkF952KwbhKOfunAUsrFtc60NNwG2J/GHUC+x\nB3qdE+/4jeAXQyA0XUkQgWGW4EQdCaztltBmv/0Hkao7OUVvuHDposgSwKL00uWX\nE65KdLbC7TRaPq6z8u78TLARFQx1ukuTJjdm5itwJTdLROhqzRTSPeEBQcwcQqfq\nP39eCbaP/BaeXue6JVuw008fBzsrvW/vzAFoA0qxw56SCnfE225SxUH+1riGqIGX\ntfG9rwtdM/Z7uznHIFu2DcFfjx1KL8EXXP+Yo6R+EroqarV/0SRyJVQ2gazCkdPg\nJP9A1tYPmCvbH79S7AZHwYIYkLjWA61QYrfq7UDIk2RltDslIxti3bGDQQUCAwEA\nAQKCAgEAlsNWVkY30GVRAcl2rDErMKOG7JkKejwDqzCwLPSuRREXmI954sDsfDOk\n92DABZceMzDGvfHIYp1bFJp1coWOvPB09iMEl+0ie+T4a2qGGlnHv5YUdMBzthrU\np+aDDSVaSP2mgU0E5FVI8lMJ+FUT5LPvE3ApSSXQuxKIEwTLAy1k5QWGW2VkFWsV\ncLyyzUb5nS9egoFDbOTVaB2AOrYUnne31a77W6JhfU+FgobG+I1dLfK9sD2Ej6un\nXJVwu+Gn1Gie3pcZoviUHvyJmCNGSMT6/zUkujMvw4Hadu5eVlE7ilJFI2iy8WE3\nn+u8yDh1y9jo/dAjDX2u3es4I9i30dfwvTREfvrbDe9FZeI9wu6c1oTPZ48ZfbR6\nq7Jo3uCKOjNFykXcXmCogt3cS2SZcgS5gr4c7WZWbsWyewSVHN6f6ctufewLbLP/\nP3Ugo5LnvtYvO12OpAGJ3v/2U8OOaUVBd5WwgNjbrhXSDM5aph2tDUGbiNzfpNzS\nfcQZo+9pL98Bfqm2lSusa0NIV2yxHHdhQCZiqjzdNgqmb1BBLKjeoFPHqsKFsimW\nPVKsRZiHHU41Iam5DfihinIfVo2TWXogmU5yvTjWIN10V75Nj0wSMnCryEqlMRMj\n3ILZe9ZqvY6QKs44WDFIJ1D01Fd1nBUH2B0CBCqqdPPmHOPawGECggEBANjBFG5K\n4my71/TbusxB22g2mPDuvUNu/aUnnG5zSLvGWUsSsZ1cJ5FfzrNOKXnmVJYtvdof\nRte0DfyfKkQVLZMLv0Cd4oHpAo4xrJmM2OH7lFG1OpYPD4zF1zrWX4dHBPGPtFOW\n1ohsMcTJ3tuBAfhn0eyDPWe1KOCxqlADffscuhdA37FSF0WdINA/SaqKvGxPWNJ7\npyirSk/H8DPTUdR3Mmqku5jdqhjlYE6lA+Pf1wKpewTuAGUD7xtuaEOQtbrPwZu/\nZ3t1hmWl1TET8RXKg3eLDn96HUbLrbpOlyXc2tJ/uGLRGQ/UYLJKjj/qINw8ndre\n53dJ0UxKBL7mm+0CggEBAPJaYu1j3cPs47syBtNI9l49ybjkeUaGA6GQtla4M3FR\nEA7l+BF57erUeiPFoCY3kW444sf7WR9yaF+aRkoMp8AetVz5cKlUaTP7fz4z1Dpi\nWSY2OYqTj4W0w8cs0d02uIozkSZadJEgup6Vuc+hdFDtEAZV9I86PbVyJQR3heHl\nX1trR7PpN40hZKAjYEJ6RoKGjST6ECNyuLk0id/19GlrsVitqvFPeRpXKtZ7xi47\ng1sLu9282P07wdOXYC2kYCXzGHRD2is3M/SJimt3Qq/7Iba9eBPv2wlbMZpCHQYT\nkQh+unCMTKKGCyiuV/Uj8DUUlwI6lH2OpT2Y20bMBnkCggEAYwTZg4UcKRYrEsXq\ncPNI+zOt7KrztUGYCAGvedmaiYWUNzKEB2IZBVViRRFY60IotC6TQ3j0UQgFN7my\ngkW2ey1romY+GqDKtRDGS6NHVP0sBaOn7vNUZDfhGhTisRblkEDY3TLUMKBUoBSk\nhVxK/SLYiJZvz9e3o+Yl6sWdoMC/1m2hgw0AaqHcYqX2zjzw1P3uksFAXNjbatTo\ny5QnFsuZMZStyqjA0vy+YU8LFuej/qhT9a2QapVAfySR5wPNsVjFlpP6/zByRC9c\n1D3K7eyE4HCbH+s2Qqg7ZhgO/pIFORJ1tlbVfyDDR8+9aj9X4aSjbGBWF22WeqZ5\nwofxBQKCAQB3P4BD3IrHF+2qM2BmYBVRo8d5IXqG9/QbcHA31WUCked73S4ls0Ac\n9zWuGlTF2TvG51i3G/brYUj4GZoSX42/G50TxWzo9K7bNBmVCr2XiMLi6XWAuUC6\ngop+m5Ab8Av3fI4kOAf5TQhmdbe68W+hTjQ/WdX/D6JDgIm0W/dVgp5cBjp+zPdX\niyHPJfj8XNwK55fVpPGB77Xy82YP/B6qLKJTxwhAumEVU+SxKrAGGaR1jR2Aaqa+\nW8PwkCBz9NiWc7oJo0VbVEtNPMwOOt1maARbvXizHqdBQEz04SkUz1XivzCPpoki\nwyAEgVyoM2nDRIFVSGu+KA0odOkYOdXJAoIBAFFzteglXHfqbZrfEI8hh8CNNEOu\ne1AGc+LjiyAs2p1mNRZRCvUdTfhCOx3nxj7l7a3A3PhrzD9OLEEWiKAmo3kU2Ga+\numstFCZrBiiDK2LAe52sPXl8L6NXEFh3FqST2KM5G7DqLPbY5iGbIRECJMVwh71B\naDBxuLRXxHdNKFiV5gj1mn+KIxv0E+MOZW3hvGDuYECdWq8yLM06zqQgyprtItMW\nfbSDRaqLCKA/vGyOBUFkb7uKvya1BIvcbb2d+V8OquAeinq/b8AIZf28oFREAxWg\nN5yowIhcSaZzxyMlp5m2+YKylRJjcIoLYNTvinJMFXifEkI2SCxGCmwmJms=\n-----END RSA PRIVATE KEY-----\n",
            "content_base64": null,
            "content_base64sha256": "KRoR93+S2nRZFTiQzgzUSgq5SIkDRgXwxVcrF5ZWtIw=",
            "content_base64sha512": "4L36Qd9n6MkqQCHNpwMTc0LiOaANzpNe9L0Ny/AYMCiL0q4uaC3cp4MZixZ2anuqCfXQfL7VnG/fSd7APrwoLQ==",
            "content_md5": "ad500a4c29c7c2442d81842d8b999c5a",
            "content_sha1": "8d7aae1f2750a1b5c02db2f513bdad1b1a18076c",
            "content_sha256": "291a11f77f92da7459153890ce0cd44a0ab94889034605f0c5572b179656b48c",
            "content_sha512": "e0bdfa41df67e8c92a4021cda703137342e239a00dce935ef4bd0dcbf01830288bd2ae2e682ddca783198b16766a7baa09f5d07cbed59c6fdf49dec03ebc282d",
            "directory_permission": "0777",
            "file_permission": "0777",
            "filename": "ascci52",
            "id": "8d7aae1f2750a1b5c02db2f513bdad1b1a18076c",
            "sensitive_content": null,
            "source": null
          },
          "sensitive_attributes": [
            [
              {
                "type": "get_attr",
                "value": "content"
              }
            ],
            [
              {
                "type": "get_attr",
                "value": "sensitive_content"
              }
            ]
          ],
          "dependencies": [
            "tls_private_key.rsa_key"
          ]
        }
      ]
    },
    {
      "mode": "managed",
      "type": "null_resource",
      "name": "run_ansible",
      "provider": "provider[\"registry.terraform.io/hashicorp/null\"]",
      "instances": [
        {
          "schema_version": 0,
          "attributes": {
            "id": "1663196516171891055",
            "triggers": null
          },
          "sensitive_attributes": [],
          "dependencies": [
            "aws_default_subnet.default_az1",
            "aws_default_vpc.default_vpc",
            "aws_instance.ec2_instance",
            "aws_key_pair.key_pair",
            "aws_security_group.ec2_security_group",
            "data.aws_availability_zones.available_zones",
            "data.template_file.inventory",
            "local_file.dynamic_inventory",
            "tls_private_key.rsa_key"
          ]
        }
      ]
    },
    {
      "mode": "managed",
      "type": "tls_private_key",
      "name": "rsa_key",
      "provider": "provider[\"registry.terraform.io/hashicorp/tls\"]",
      "instances": [
        {
          "schema_version": 1,
          "attributes": {
            "algorithm": "RSA",
            "ecdsa_curve": "P224",
            "id": "1bc08c969f65ea26deb48021c334546e378bd9b8",
            "private_key_openssh": "-----BEGIN OPENSSH PRIVATE KEY-----\nb3BlbnNzaC1rZXktdjEAAAAABG5vbmUAAAAEbm9uZQAAAAAAAAABAAACFwAAAAdz\nc2gtcnNhAAAAAwEAAQAAAgEAzTMM9Fqw8KK8+rkduSvaeW9lhXO2CBAGE/XfscPt\nyLF4zrRtQezIH4R9owr8ehYFMM5sGeJQVggvms0dcXpLQ7lXfOnhqGbxPcKYR8TC\ngefHLvB93qtxGmkU3GagUK/e0MhphLoCBFFqKk86ywPS50LKl2GMM1qJLxBi9gEK\nzvpLsH9nZaAo+V2ipmkbXUzK4fNQHYRAEOMNe463Lfa2sTRPzJJMHaeXPWriVsII\nQiliD6mMzhFIgkeA0/eAHFbvhjAyT+tJpr71BNYXnrXvw2h0Q7v9VpScEUFz3nee\nqsyPoZC95ZuEmhjwsxTMB6ma7tNnR2nSMKwRkF952KwbhKOfunAUsrFtc60NNwG2\nJ/GHUC+xB3qdE+/4jeAXQyA0XUkQgWGW4EQdCaztltBmv/0Hkao7OUVvuHDposgS\nwKL00uWXE65KdLbC7TRaPq6z8u78TLARFQx1ukuTJjdm5itwJTdLROhqzRTSPeEB\nQcwcQqfqP39eCbaP/BaeXue6JVuw008fBzsrvW/vzAFoA0qxw56SCnfE225SxUH+\n1riGqIGXtfG9rwtdM/Z7uznHIFu2DcFfjx1KL8EXXP+Yo6R+EroqarV/0SRyJVQ2\ngazCkdPgJP9A1tYPmCvbH79S7AZHwYIYkLjWA61QYrfq7UDIk2RltDslIxti3bGD\nQQUAAAc4T5YnHk+WJx4AAAAHc3NoLXJzYQAAAgEAzTMM9Fqw8KK8+rkduSvaeW9l\nhXO2CBAGE/XfscPtyLF4zrRtQezIH4R9owr8ehYFMM5sGeJQVggvms0dcXpLQ7lX\nfOnhqGbxPcKYR8TCgefHLvB93qtxGmkU3GagUK/e0MhphLoCBFFqKk86ywPS50LK\nl2GMM1qJLxBi9gEKzvpLsH9nZaAo+V2ipmkbXUzK4fNQHYRAEOMNe463Lfa2sTRP\nzJJMHaeXPWriVsIIQiliD6mMzhFIgkeA0/eAHFbvhjAyT+tJpr71BNYXnrXvw2h0\nQ7v9VpScEUFz3neeqsyPoZC95ZuEmhjwsxTMB6ma7tNnR2nSMKwRkF952KwbhKOf\nunAUsrFtc60NNwG2J/GHUC+xB3qdE+/4jeAXQyA0XUkQgWGW4EQdCaztltBmv/0H\nkao7OUVvuHDposgSwKL00uWXE65KdLbC7TRaPq6z8u78TLARFQx1ukuTJjdm5itw\nJTdLROhqzRTSPeEBQcwcQqfqP39eCbaP/BaeXue6JVuw008fBzsrvW/vzAFoA0qx\nw56SCnfE225SxUH+1riGqIGXtfG9rwtdM/Z7uznHIFu2DcFfjx1KL8EXXP+Yo6R+\nEroqarV/0SRyJVQ2gazCkdPgJP9A1tYPmCvbH79S7AZHwYIYkLjWA61QYrfq7UDI\nk2RltDslIxti3bGDQQUAAAADAQABAAACAQCWw1ZWRjfQZVEByXasMSswo4bsmQp6\nPAOrMLAs9K5FEReYj3niwOx8M6T3YMAFlx4zMMa98chinVsUmnVyhY688HT2IwSX\n7SJ75PhraoYaWce/lhR0wHO2GtSn5oMNJVpI/aaBTQTkVUjyUwn4VRPks+8TcClJ\nJdC7EogTBMsDLWTlBYZbZWQVaxVwvLLNRvmdL16CgUNs5NVoHYA6thSed7fVrvtb\nomF9T4WChsb4jV0t8r2wPYSPq6dclXC74afUaJ7elxmi+JQe/ImYI0ZIxPr/NSS6\nMy/Dgdp27l5WUTuKUkUjaLLxYTef67zIOHXL2Oj90CMNfa7d6zgj2LfR1/C9NER+\n+tsN70Vl4j3C7pzWhM9njxl9tHqrsmje4Io6M0XKRdxeYKiC3dxLZJlyBLmCvhzt\nZlZuxbJ7BJUc3p/py2597Atss/8/dSCjkue+1i87XY6kAYne//ZTw45pRUF3lbCA\n2NuuFdIMzlqmHa0NQZuI3N+k3NJ9xBmj72kv3wF+qbaVK6xrQ0hXbLEcd2FAJmKq\nPN02CqZvUEEsqN6gU8eqwoWyKZY9UqxFmIcdTjUhqbkN+KGKch9WjZNZeiCZTnK9\nONYg3XRXvk2PTBIycKvISqUxEyPcgtl71mq9jpAqzjhYMUgnUPTUV3WcFQfYHQIE\nKqp08+Yc49rAYQAAAQBRc7XoJVx36m2a3xCPIYfAjTRDrntQBnPi44sgLNqdZjUW\nUQr1HU34Qjsd58Y+5e2twNz4a8w/TixBFoigJqN5FNhmvrprLRQmawYogytiwHud\nrD15fC+jVxBYdxakk9ijORuw6iz22OYhmyERAiTFcIe9QWgwcbi0V8R3TShYleYI\n9Zp/iiMb9BPjDmVt4bxg7mBAnVqvMizNOs6kIMqa7SLTFn20g0WqiwigP7xsjgVB\nZG+7ir8mtQSL3G29nflfDqrgHop6v2/ACGX9vKBURAMVoDecqMCIXEmmc8cjJaeZ\ntvmCspUSY3CKC2DU74pyTBV4nxJCNkgsRgpsJiZrAAABAQDYwRRuSuJsu9f027rM\nQdtoNpjw7r1Dbv2lJ5xuc0i7xllLErGdXCeRX86zTil55lSWLb3aH0bXtA38nypE\nFS2TC79AneKB6QKOMayZjNjh+5RRtTqWDw+Mxdc61l+HRwTxj7RTltaIbDHEyd7b\ngQH4Z9Hsgz1ntSjgsapQA337HLoXQN+xUhdFnSDQP0mqirxsT1jSe6coq0pPx/Az\n01HUdzJqpLuY3aoY5WBOpQPj39cCqXsE7gBlA+8bbmhDkLW6z8Gbv2d7dYZlpdUx\nE/EVyoN3iw5/eh1Gy626Tpcl3NrSf7hi0RkP1GCySo4/6iDcPJ3a3ud3SdFMSgS+\n5pvtAAABAQDyWmLtY93D7OO7MgbTSPZePcm45HlGhgOhkLZWuDNxURAO5fgRee3q\n1HojxaAmN5FuOOLH+1kfcmhfmkZKDKfAHrVc+XCpVGkz+38+M9Q6YlkmNjmKk4+F\ntMPHLNHdNriKM5EmWnSRILqelbnPoXRQ7RAGVfSPOj21ciUEd4Xh5V9ba0ez6TeN\nIWSgI2BCekaCho0k+hAjcri5NInf9fRpa7FYrarxT3kaVyrWe8YuO4NbC7vdvNj9\nO8HTl2AtpGAl8xh0Q9orNzP0iYprd0Kv+yG2vXgT79sJWzGaQh0GE5EIfrpwjEyi\nhgsorlf1I/A1FJcCOpR9jqU9mNtGzAZ5AAAAAAEC\n-----END OPENSSH PRIVATE KEY-----\n",
            "private_key_pem": "-----BEGIN RSA PRIVATE KEY-----\nMIIJKAIBAAKCAgEAzTMM9Fqw8KK8+rkduSvaeW9lhXO2CBAGE/XfscPtyLF4zrRt\nQezIH4R9owr8ehYFMM5sGeJQVggvms0dcXpLQ7lXfOnhqGbxPcKYR8TCgefHLvB9\n3qtxGmkU3GagUK/e0MhphLoCBFFqKk86ywPS50LKl2GMM1qJLxBi9gEKzvpLsH9n\nZaAo+V2ipmkbXUzK4fNQHYRAEOMNe463Lfa2sTRPzJJMHaeXPWriVsIIQiliD6mM\nzhFIgkeA0/eAHFbvhjAyT+tJpr71BNYXnrXvw2h0Q7v9VpScEUFz3neeqsyPoZC9\n5ZuEmhjwsxTMB6ma7tNnR2nSMKwRkF952KwbhKOfunAUsrFtc60NNwG2J/GHUC+x\nB3qdE+/4jeAXQyA0XUkQgWGW4EQdCaztltBmv/0Hkao7OUVvuHDposgSwKL00uWX\nE65KdLbC7TRaPq6z8u78TLARFQx1ukuTJjdm5itwJTdLROhqzRTSPeEBQcwcQqfq\nP39eCbaP/BaeXue6JVuw008fBzsrvW/vzAFoA0qxw56SCnfE225SxUH+1riGqIGX\ntfG9rwtdM/Z7uznHIFu2DcFfjx1KL8EXXP+Yo6R+EroqarV/0SRyJVQ2gazCkdPg\nJP9A1tYPmCvbH79S7AZHwYIYkLjWA61QYrfq7UDIk2RltDslIxti3bGDQQUCAwEA\nAQKCAgEAlsNWVkY30GVRAcl2rDErMKOG7JkKejwDqzCwLPSuRREXmI954sDsfDOk\n92DABZceMzDGvfHIYp1bFJp1coWOvPB09iMEl+0ie+T4a2qGGlnHv5YUdMBzthrU\np+aDDSVaSP2mgU0E5FVI8lMJ+FUT5LPvE3ApSSXQuxKIEwTLAy1k5QWGW2VkFWsV\ncLyyzUb5nS9egoFDbOTVaB2AOrYUnne31a77W6JhfU+FgobG+I1dLfK9sD2Ej6un\nXJVwu+Gn1Gie3pcZoviUHvyJmCNGSMT6/zUkujMvw4Hadu5eVlE7ilJFI2iy8WE3\nn+u8yDh1y9jo/dAjDX2u3es4I9i30dfwvTREfvrbDe9FZeI9wu6c1oTPZ48ZfbR6\nq7Jo3uCKOjNFykXcXmCogt3cS2SZcgS5gr4c7WZWbsWyewSVHN6f6ctufewLbLP/\nP3Ugo5LnvtYvO12OpAGJ3v/2U8OOaUVBd5WwgNjbrhXSDM5aph2tDUGbiNzfpNzS\nfcQZo+9pL98Bfqm2lSusa0NIV2yxHHdhQCZiqjzdNgqmb1BBLKjeoFPHqsKFsimW\nPVKsRZiHHU41Iam5DfihinIfVo2TWXogmU5yvTjWIN10V75Nj0wSMnCryEqlMRMj\n3ILZe9ZqvY6QKs44WDFIJ1D01Fd1nBUH2B0CBCqqdPPmHOPawGECggEBANjBFG5K\n4my71/TbusxB22g2mPDuvUNu/aUnnG5zSLvGWUsSsZ1cJ5FfzrNOKXnmVJYtvdof\nRte0DfyfKkQVLZMLv0Cd4oHpAo4xrJmM2OH7lFG1OpYPD4zF1zrWX4dHBPGPtFOW\n1ohsMcTJ3tuBAfhn0eyDPWe1KOCxqlADffscuhdA37FSF0WdINA/SaqKvGxPWNJ7\npyirSk/H8DPTUdR3Mmqku5jdqhjlYE6lA+Pf1wKpewTuAGUD7xtuaEOQtbrPwZu/\nZ3t1hmWl1TET8RXKg3eLDn96HUbLrbpOlyXc2tJ/uGLRGQ/UYLJKjj/qINw8ndre\n53dJ0UxKBL7mm+0CggEBAPJaYu1j3cPs47syBtNI9l49ybjkeUaGA6GQtla4M3FR\nEA7l+BF57erUeiPFoCY3kW444sf7WR9yaF+aRkoMp8AetVz5cKlUaTP7fz4z1Dpi\nWSY2OYqTj4W0w8cs0d02uIozkSZadJEgup6Vuc+hdFDtEAZV9I86PbVyJQR3heHl\nX1trR7PpN40hZKAjYEJ6RoKGjST6ECNyuLk0id/19GlrsVitqvFPeRpXKtZ7xi47\ng1sLu9282P07wdOXYC2kYCXzGHRD2is3M/SJimt3Qq/7Iba9eBPv2wlbMZpCHQYT\nkQh+unCMTKKGCyiuV/Uj8DUUlwI6lH2OpT2Y20bMBnkCggEAYwTZg4UcKRYrEsXq\ncPNI+zOt7KrztUGYCAGvedmaiYWUNzKEB2IZBVViRRFY60IotC6TQ3j0UQgFN7my\ngkW2ey1romY+GqDKtRDGS6NHVP0sBaOn7vNUZDfhGhTisRblkEDY3TLUMKBUoBSk\nhVxK/SLYiJZvz9e3o+Yl6sWdoMC/1m2hgw0AaqHcYqX2zjzw1P3uksFAXNjbatTo\ny5QnFsuZMZStyqjA0vy+YU8LFuej/qhT9a2QapVAfySR5wPNsVjFlpP6/zByRC9c\n1D3K7eyE4HCbH+s2Qqg7ZhgO/pIFORJ1tlbVfyDDR8+9aj9X4aSjbGBWF22WeqZ5\nwofxBQKCAQB3P4BD3IrHF+2qM2BmYBVRo8d5IXqG9/QbcHA31WUCked73S4ls0Ac\n9zWuGlTF2TvG51i3G/brYUj4GZoSX42/G50TxWzo9K7bNBmVCr2XiMLi6XWAuUC6\ngop+m5Ab8Av3fI4kOAf5TQhmdbe68W+hTjQ/WdX/D6JDgIm0W/dVgp5cBjp+zPdX\niyHPJfj8XNwK55fVpPGB77Xy82YP/B6qLKJTxwhAumEVU+SxKrAGGaR1jR2Aaqa+\nW8PwkCBz9NiWc7oJo0VbVEtNPMwOOt1maARbvXizHqdBQEz04SkUz1XivzCPpoki\nwyAEgVyoM2nDRIFVSGu+KA0odOkYOdXJAoIBAFFzteglXHfqbZrfEI8hh8CNNEOu\ne1AGc+LjiyAs2p1mNRZRCvUdTfhCOx3nxj7l7a3A3PhrzD9OLEEWiKAmo3kU2Ga+\numstFCZrBiiDK2LAe52sPXl8L6NXEFh3FqST2KM5G7DqLPbY5iGbIRECJMVwh71B\naDBxuLRXxHdNKFiV5gj1mn+KIxv0E+MOZW3hvGDuYECdWq8yLM06zqQgyprtItMW\nfbSDRaqLCKA/vGyOBUFkb7uKvya1BIvcbb2d+V8OquAeinq/b8AIZf28oFREAxWg\nN5yowIhcSaZzxyMlp5m2+YKylRJjcIoLYNTvinJMFXifEkI2SCxGCmwmJms=\n-----END RSA PRIVATE KEY-----\n",
            "private_key_pem_pkcs8": "-----BEGIN PRIVATE KEY-----\nMIIJQgIBADANBgkqhkiG9w0BAQEFAASCCSwwggkoAgEAAoICAQDNMwz0WrDworz6\nuR25K9p5b2WFc7YIEAYT9d+xw+3IsXjOtG1B7MgfhH2jCvx6FgUwzmwZ4lBWCC+a\nzR1xektDuVd86eGoZvE9wphHxMKB58cu8H3eq3EaaRTcZqBQr97QyGmEugIEUWoq\nTzrLA9LnQsqXYYwzWokvEGL2AQrO+kuwf2dloCj5XaKmaRtdTMrh81AdhEAQ4w17\njrct9raxNE/Mkkwdp5c9auJWwghCKWIPqYzOEUiCR4DT94AcVu+GMDJP60mmvvUE\n1heete/DaHRDu/1WlJwRQXPed56qzI+hkL3lm4SaGPCzFMwHqZru02dHadIwrBGQ\nX3nYrBuEo5+6cBSysW1zrQ03AbYn8YdQL7EHep0T7/iN4BdDIDRdSRCBYZbgRB0J\nrO2W0Ga//QeRqjs5RW+4cOmiyBLAovTS5ZcTrkp0tsLtNFo+rrPy7vxMsBEVDHW6\nS5MmN2bmK3AlN0tE6GrNFNI94QFBzBxCp+o/f14Jto/8Fp5e57olW7DTTx8HOyu9\nb+/MAWgDSrHDnpIKd8TbblLFQf7WuIaogZe18b2vC10z9nu7OccgW7YNwV+PHUov\nwRdc/5ijpH4SuipqtX/RJHIlVDaBrMKR0+Ak/0DW1g+YK9sfv1LsBkfBghiQuNYD\nrVBit+rtQMiTZGW0OyUjG2LdsYNBBQIDAQABAoICAQCWw1ZWRjfQZVEByXasMSsw\no4bsmQp6PAOrMLAs9K5FEReYj3niwOx8M6T3YMAFlx4zMMa98chinVsUmnVyhY68\n8HT2IwSX7SJ75PhraoYaWce/lhR0wHO2GtSn5oMNJVpI/aaBTQTkVUjyUwn4VRPk\ns+8TcClJJdC7EogTBMsDLWTlBYZbZWQVaxVwvLLNRvmdL16CgUNs5NVoHYA6thSe\nd7fVrvtbomF9T4WChsb4jV0t8r2wPYSPq6dclXC74afUaJ7elxmi+JQe/ImYI0ZI\nxPr/NSS6My/Dgdp27l5WUTuKUkUjaLLxYTef67zIOHXL2Oj90CMNfa7d6zgj2LfR\n1/C9NER++tsN70Vl4j3C7pzWhM9njxl9tHqrsmje4Io6M0XKRdxeYKiC3dxLZJly\nBLmCvhztZlZuxbJ7BJUc3p/py2597Atss/8/dSCjkue+1i87XY6kAYne//ZTw45p\nRUF3lbCA2NuuFdIMzlqmHa0NQZuI3N+k3NJ9xBmj72kv3wF+qbaVK6xrQ0hXbLEc\nd2FAJmKqPN02CqZvUEEsqN6gU8eqwoWyKZY9UqxFmIcdTjUhqbkN+KGKch9WjZNZ\neiCZTnK9ONYg3XRXvk2PTBIycKvISqUxEyPcgtl71mq9jpAqzjhYMUgnUPTUV3Wc\nFQfYHQIEKqp08+Yc49rAYQKCAQEA2MEUbkribLvX9Nu6zEHbaDaY8O69Q279pSec\nbnNIu8ZZSxKxnVwnkV/Os04peeZUli292h9G17QN/J8qRBUtkwu/QJ3igekCjjGs\nmYzY4fuUUbU6lg8PjMXXOtZfh0cE8Y+0U5bWiGwxxMne24EB+GfR7IM9Z7Uo4LGq\nUAN9+xy6F0DfsVIXRZ0g0D9Jqoq8bE9Y0nunKKtKT8fwM9NR1HcyaqS7mN2qGOVg\nTqUD49/XAql7BO4AZQPvG25oQ5C1us/Bm79ne3WGZaXVMRPxFcqDd4sOf3odRsut\nuk6XJdza0n+4YtEZD9RgskqOP+og3Dyd2t7nd0nRTEoEvuab7QKCAQEA8lpi7WPd\nw+zjuzIG00j2Xj3JuOR5RoYDoZC2VrgzcVEQDuX4EXnt6tR6I8WgJjeRbjjix/tZ\nH3JoX5pGSgynwB61XPlwqVRpM/t/PjPUOmJZJjY5ipOPhbTDxyzR3Ta4ijORJlp0\nkSC6npW5z6F0UO0QBlX0jzo9tXIlBHeF4eVfW2tHs+k3jSFkoCNgQnpGgoaNJPoQ\nI3K4uTSJ3/X0aWuxWK2q8U95Glcq1nvGLjuDWwu73bzY/TvB05dgLaRgJfMYdEPa\nKzcz9ImKa3dCr/shtr14E+/bCVsxmkIdBhORCH66cIxMooYLKK5X9SPwNRSXAjqU\nfY6lPZjbRswGeQKCAQBjBNmDhRwpFisSxepw80j7M63sqvO1QZgIAa952ZqJhZQ3\nMoQHYhkFVWJFEVjrQii0LpNDePRRCAU3ubKCRbZ7LWuiZj4aoMq1EMZLo0dU/SwF\no6fu81RkN+EaFOKxFuWQQNjdMtQwoFSgFKSFXEr9ItiIlm/P17ej5iXqxZ2gwL/W\nbaGDDQBqodxipfbOPPDU/e6SwUBc2Ntq1OjLlCcWy5kxlK3KqMDS/L5hTwsW56P+\nqFP1rZBqlUB/JJHnA82xWMWWk/r/MHJEL1zUPcrt7ITgcJsf6zZCqDtmGA7+kgU5\nEnW2VtV/IMNHz71qP1fhpKNsYFYXbZZ6pnnCh/EFAoIBAHc/gEPciscX7aozYGZg\nFVGjx3kheob39BtwcDfVZQKR53vdLiWzQBz3Na4aVMXZO8bnWLcb9uthSPgZmhJf\njb8bnRPFbOj0rts0GZUKvZeIwuLpdYC5QLqCin6bkBvwC/d8jiQ4B/lNCGZ1t7rx\nb6FOND9Z1f8PokOAibRb91WCnlwGOn7M91eLIc8l+Pxc3Arnl9Wk8YHvtfLzZg/8\nHqosolPHCEC6YRVT5LEqsAYZpHWNHYBqpr5bw/CQIHP02JZzugmjRVtUS008zA46\n3WZoBFu9eLMep0FATPThKRTPVeK/MI+miSLDIASBXKgzacNEgVVIa74oDSh06Rg5\n1ckCggEAUXO16CVcd+ptmt8QjyGHwI00Q657UAZz4uOLICzanWY1FlEK9R1N+EI7\nHefGPuXtrcDc+GvMP04sQRaIoCajeRTYZr66ay0UJmsGKIMrYsB7naw9eXwvo1cQ\nWHcWpJPYozkbsOos9tjmIZshEQIkxXCHvUFoMHG4tFfEd00oWJXmCPWaf4ojG/QT\n4w5lbeG8YO5gQJ1arzIszTrOpCDKmu0i0xZ9tINFqosIoD+8bI4FQWRvu4q/JrUE\ni9xtvZ35Xw6q4B6Ker9vwAhl/bygVEQDFaA3nKjAiFxJpnPHIyWnmbb5grKVEmNw\nigtg1O+KckwVeJ8SQjZILEYKbCYmaw==\n-----END PRIVATE KEY-----\n",
            "public_key_fingerprint_md5": "92:86:8f:3c:b6:00:af:d8:76:c2:97:16:3f:76:ef:68",
            "public_key_fingerprint_sha256": "SHA256:Yps77mElOCtyO2yHCqUcYXRuVzm9SU+OcF7z+kGf1Hc",
            "public_key_openssh": "ssh-rsa AAAAB3NzaC1yc2EAAAADAQABAAACAQDNMwz0WrDworz6uR25K9p5b2WFc7YIEAYT9d+xw+3IsXjOtG1B7MgfhH2jCvx6FgUwzmwZ4lBWCC+azR1xektDuVd86eGoZvE9wphHxMKB58cu8H3eq3EaaRTcZqBQr97QyGmEugIEUWoqTzrLA9LnQsqXYYwzWokvEGL2AQrO+kuwf2dloCj5XaKmaRtdTMrh81AdhEAQ4w17jrct9raxNE/Mkkwdp5c9auJWwghCKWIPqYzOEUiCR4DT94AcVu+GMDJP60mmvvUE1heete/DaHRDu/1WlJwRQXPed56qzI+hkL3lm4SaGPCzFMwHqZru02dHadIwrBGQX3nYrBuEo5+6cBSysW1zrQ03AbYn8YdQL7EHep0T7/iN4BdDIDRdSRCBYZbgRB0JrO2W0Ga//QeRqjs5RW+4cOmiyBLAovTS5ZcTrkp0tsLtNFo+rrPy7vxMsBEVDHW6S5MmN2bmK3AlN0tE6GrNFNI94QFBzBxCp+o/f14Jto/8Fp5e57olW7DTTx8HOyu9b+/MAWgDSrHDnpIKd8TbblLFQf7WuIaogZe18b2vC10z9nu7OccgW7YNwV+PHUovwRdc/5ijpH4SuipqtX/RJHIlVDaBrMKR0+Ak/0DW1g+YK9sfv1LsBkfBghiQuNYDrVBit+rtQMiTZGW0OyUjG2LdsYNBBQ==\n",
            "public_key_pem": "-----BEGIN PUBLIC KEY-----\nMIICIjANBgkqhkiG9w0BAQEFAAOCAg8AMIICCgKCAgEAzTMM9Fqw8KK8+rkduSva\neW9lhXO2CBAGE/XfscPtyLF4zrRtQezIH4R9owr8ehYFMM5sGeJQVggvms0dcXpL\nQ7lXfOnhqGbxPcKYR8TCgefHLvB93qtxGmkU3GagUK/e0MhphLoCBFFqKk86ywPS\n50LKl2GMM1qJLxBi9gEKzvpLsH9nZaAo+V2ipmkbXUzK4fNQHYRAEOMNe463Lfa2\nsTRPzJJMHaeXPWriVsIIQiliD6mMzhFIgkeA0/eAHFbvhjAyT+tJpr71BNYXnrXv\nw2h0Q7v9VpScEUFz3neeqsyPoZC95ZuEmhjwsxTMB6ma7tNnR2nSMKwRkF952Kwb\nhKOfunAUsrFtc60NNwG2J/GHUC+xB3qdE+/4jeAXQyA0XUkQgWGW4EQdCaztltBm\nv/0Hkao7OUVvuHDposgSwKL00uWXE65KdLbC7TRaPq6z8u78TLARFQx1ukuTJjdm\n5itwJTdLROhqzRTSPeEBQcwcQqfqP39eCbaP/BaeXue6JVuw008fBzsrvW/vzAFo\nA0qxw56SCnfE225SxUH+1riGqIGXtfG9rwtdM/Z7uznHIFu2DcFfjx1KL8EXXP+Y\no6R+EroqarV/0SRyJVQ2gazCkdPgJP9A1tYPmCvbH79S7AZHwYIYkLjWA61QYrfq\n7UDIk2RltDslIxti3bGDQQUCAwEAAQ==\n-----END PUBLIC KEY-----\n",
            "rsa_bits": 4096
          },
          "sensitive_attributes": [
            [
              {
                "type": "get_attr",
                "value": "private_key_pem_pkcs8"
              }
            ],
            [
              {
                "type": "get_attr",
                "value": "private_key_pem"
              }
            ],
            [
              {
                "type": "get_attr",
                "value": "private_key_openssh"
              }
            ]
          ]
        }
      ]
    }
  ],
  "check_results": null
}
